// !$*UTF8*$!
{
	archiveVersion = 1;
	classes = {
	};
	objectVersion = 56;
	objects = {

/* Begin PBXBuildFile section */
		49E12BAB2BDCA4CB004A5A52 /* Fraction.swift in Sources */ = {isa = PBXBuildFile; fileRef = 49E12BAA2BDCA4CB004A5A52 /* Fraction.swift */; };
		CEC9AF802BDBE97600BE4056 /* AppDelegate.swift in Sources */ = {isa = PBXBuildFile; fileRef = CEC9AF7F2BDBE97600BE4056 /* AppDelegate.swift */; };
		CEC9AF842BDBE97600BE4056 /* MainViewController.swift in Sources */ = {isa = PBXBuildFile; fileRef = CEC9AF832BDBE97600BE4056 /* MainViewController.swift */; };
		CEC9AF872BDBE97600BE4056 /* Main.storyboard in Resources */ = {isa = PBXBuildFile; fileRef = CEC9AF852BDBE97600BE4056 /* Main.storyboard */; };
		CEC9AF892BDBE97700BE4056 /* Assets.xcassets in Resources */ = {isa = PBXBuildFile; fileRef = CEC9AF882BDBE97700BE4056 /* Assets.xcassets */; };
		CEC9AF8C2BDBE97700BE4056 /* LaunchScreen.storyboard in Resources */ = {isa = PBXBuildFile; fileRef = CEC9AF8A2BDBE97700BE4056 /* LaunchScreen.storyboard */; };
		CEC9AF972BDBEED500BE4056 /* UIView+.swift in Sources */ = {isa = PBXBuildFile; fileRef = CEC9AF962BDBEED500BE4056 /* UIView+.swift */; };
		CEC9AFA02BDBF31300BE4056 /* Inter-MediumItalic.ttf in Resources */ = {isa = PBXBuildFile; fileRef = CEC9AF9A2BDBF31300BE4056 /* Inter-MediumItalic.ttf */; };
		CEC9AFA12BDBF31300BE4056 /* Inter-Light.ttf in Resources */ = {isa = PBXBuildFile; fileRef = CEC9AF9B2BDBF31300BE4056 /* Inter-Light.ttf */; };
		CEC9AFA22BDBF31300BE4056 /* Inter-Regular.ttf in Resources */ = {isa = PBXBuildFile; fileRef = CEC9AF9C2BDBF31300BE4056 /* Inter-Regular.ttf */; };
		CEC9AFA32BDBF31300BE4056 /* Inter-Medium.ttf in Resources */ = {isa = PBXBuildFile; fileRef = CEC9AF9D2BDBF31300BE4056 /* Inter-Medium.ttf */; };
		CEC9AFA42BDBF31300BE4056 /* Inter-SemiBold.ttf in Resources */ = {isa = PBXBuildFile; fileRef = CEC9AF9E2BDBF31300BE4056 /* Inter-SemiBold.ttf */; };
		CEC9AFA52BDBF31300BE4056 /* Inter-Bold.ttf in Resources */ = {isa = PBXBuildFile; fileRef = CEC9AF9F2BDBF31300BE4056 /* Inter-Bold.ttf */; };
		CEC9AFAA2BDC034C00BE4056 /* Device in Frameworks */ = {isa = PBXBuildFile; productRef = CEC9AFA92BDC034C00BE4056 /* Device */; };
		CEF4DECD2BDC8B08002DB4E9 /* IntroductionViewController.swift in Sources */ = {isa = PBXBuildFile; fileRef = CEF4DECC2BDC8B08002DB4E9 /* IntroductionViewController.swift */; };
		CEF4DECF2BDC8C9B002DB4E9 /* Introduction.storyboard in Resources */ = {isa = PBXBuildFile; fileRef = CEF4DECE2BDC8C9B002DB4E9 /* Introduction.storyboard */; };
		CEF4DED22BDCFC0D002DB4E9 /* TextTestViewController.swift in Sources */ = {isa = PBXBuildFile; fileRef = CEF4DED12BDCFC0D002DB4E9 /* TextTestViewController.swift */; };
		CEF4DED42BDCFC15002DB4E9 /* TextTest.storyboard in Resources */ = {isa = PBXBuildFile; fileRef = CEF4DED32BDCFC15002DB4E9 /* TextTest.storyboard */; };
		CEF4DED82BDCFD12002DB4E9 /* TextTestTableViewCell.swift in Sources */ = {isa = PBXBuildFile; fileRef = CEF4DED62BDCFD12002DB4E9 /* TextTestTableViewCell.swift */; };
		CEF4DED92BDCFD12002DB4E9 /* TextTestTableViewCell.xib in Resources */ = {isa = PBXBuildFile; fileRef = CEF4DED72BDCFD12002DB4E9 /* TextTestTableViewCell.xib */; };
		CEF4DEDB2BDCFEF1002DB4E9 /* Reusable.swift in Sources */ = {isa = PBXBuildFile; fileRef = CEF4DEDA2BDCFEF1002DB4E9 /* Reusable.swift */; };
		CEF4DEDD2BDCFF3B002DB4E9 /* UITableView+.swift in Sources */ = {isa = PBXBuildFile; fileRef = CEF4DEDC2BDCFF3B002DB4E9 /* UITableView+.swift */; };
		CEF4DEE02BDD3EB0002DB4E9 /* ColorTestViewController.swift in Sources */ = {isa = PBXBuildFile; fileRef = CEF4DEDF2BDD3EB0002DB4E9 /* ColorTestViewController.swift */; };
		CEF4DEE22BDD3EBC002DB4E9 /* ColorTest.storyboard in Resources */ = {isa = PBXBuildFile; fileRef = CEF4DEE12BDD3EBC002DB4E9 /* ColorTest.storyboard */; };
		CEF4DEE42BDD45B6002DB4E9 /* UIColor+.swift in Sources */ = {isa = PBXBuildFile; fileRef = CEF4DEE32BDD45B6002DB4E9 /* UIColor+.swift */; };
		CEF4DEE62BDD50DB002DB4E9 /* UIButton+.swift in Sources */ = {isa = PBXBuildFile; fileRef = CEF4DEE52BDD50DB002DB4E9 /* UIButton+.swift */; };
		CEF4DEE82BDD5305002DB4E9 /* ColorTestModel.swift in Sources */ = {isa = PBXBuildFile; fileRef = CEF4DEE72BDD5305002DB4E9 /* ColorTestModel.swift */; };
		CEF4DEEB2BDD545E002DB4E9 /* ColorViewController.swift in Sources */ = {isa = PBXBuildFile; fileRef = CEF4DEEA2BDD545E002DB4E9 /* ColorViewController.swift */; };
		CEF4DEED2BDD5466002DB4E9 /* Color.storyboard in Resources */ = {isa = PBXBuildFile; fileRef = CEF4DEEC2BDD5466002DB4E9 /* Color.storyboard */; };
		CEF4DEF02BDD571F002DB4E9 /* MSTestViewController.swift in Sources */ = {isa = PBXBuildFile; fileRef = CEF4DEEF2BDD571F002DB4E9 /* MSTestViewController.swift */; };
		CEF4DEF22BDD5725002DB4E9 /* MSTest.storyboard in Resources */ = {isa = PBXBuildFile; fileRef = CEF4DEF12BDD5725002DB4E9 /* MSTest.storyboard */; };
/* End PBXBuildFile section */

/* Begin PBXFileReference section */
		49E12BAA2BDCA4CB004A5A52 /* Fraction.swift */ = {isa = PBXFileReference; lastKnownFileType = sourcecode.swift; path = Fraction.swift; sourceTree = "<group>"; };
		CEC9AF7C2BDBE97600BE4056 /* Galley.app */ = {isa = PBXFileReference; explicitFileType = wrapper.application; includeInIndex = 0; path = Galley.app; sourceTree = BUILT_PRODUCTS_DIR; };
		CEC9AF7F2BDBE97600BE4056 /* AppDelegate.swift */ = {isa = PBXFileReference; lastKnownFileType = sourcecode.swift; path = AppDelegate.swift; sourceTree = "<group>"; };
		CEC9AF832BDBE97600BE4056 /* MainViewController.swift */ = {isa = PBXFileReference; lastKnownFileType = sourcecode.swift; path = MainViewController.swift; sourceTree = "<group>"; };
		CEC9AF862BDBE97600BE4056 /* Base */ = {isa = PBXFileReference; lastKnownFileType = file.storyboard; name = Base; path = Base.lproj/Main.storyboard; sourceTree = "<group>"; };
		CEC9AF882BDBE97700BE4056 /* Assets.xcassets */ = {isa = PBXFileReference; lastKnownFileType = folder.assetcatalog; path = Assets.xcassets; sourceTree = "<group>"; };
		CEC9AF8B2BDBE97700BE4056 /* Base */ = {isa = PBXFileReference; lastKnownFileType = file.storyboard; name = Base; path = Base.lproj/LaunchScreen.storyboard; sourceTree = "<group>"; };
		CEC9AF8D2BDBE97700BE4056 /* Info.plist */ = {isa = PBXFileReference; lastKnownFileType = text.plist.xml; path = Info.plist; sourceTree = "<group>"; };
		CEC9AF962BDBEED500BE4056 /* UIView+.swift */ = {isa = PBXFileReference; lastKnownFileType = sourcecode.swift; path = "UIView+.swift"; sourceTree = "<group>"; };
		CEC9AF9A2BDBF31300BE4056 /* Inter-MediumItalic.ttf */ = {isa = PBXFileReference; lastKnownFileType = file; path = "Inter-MediumItalic.ttf"; sourceTree = "<group>"; };
		CEC9AF9B2BDBF31300BE4056 /* Inter-Light.ttf */ = {isa = PBXFileReference; lastKnownFileType = file; path = "Inter-Light.ttf"; sourceTree = "<group>"; };
		CEC9AF9C2BDBF31300BE4056 /* Inter-Regular.ttf */ = {isa = PBXFileReference; lastKnownFileType = file; path = "Inter-Regular.ttf"; sourceTree = "<group>"; };
		CEC9AF9D2BDBF31300BE4056 /* Inter-Medium.ttf */ = {isa = PBXFileReference; lastKnownFileType = file; path = "Inter-Medium.ttf"; sourceTree = "<group>"; };
		CEC9AF9E2BDBF31300BE4056 /* Inter-SemiBold.ttf */ = {isa = PBXFileReference; lastKnownFileType = file; path = "Inter-SemiBold.ttf"; sourceTree = "<group>"; };
		CEC9AF9F2BDBF31300BE4056 /* Inter-Bold.ttf */ = {isa = PBXFileReference; lastKnownFileType = file; path = "Inter-Bold.ttf"; sourceTree = "<group>"; };
		CEF4DECC2BDC8B08002DB4E9 /* IntroductionViewController.swift */ = {isa = PBXFileReference; lastKnownFileType = sourcecode.swift; path = IntroductionViewController.swift; sourceTree = "<group>"; };
		CEF4DECE2BDC8C9B002DB4E9 /* Introduction.storyboard */ = {isa = PBXFileReference; lastKnownFileType = file.storyboard; path = Introduction.storyboard; sourceTree = "<group>"; };
		CEF4DED12BDCFC0D002DB4E9 /* TextTestViewController.swift */ = {isa = PBXFileReference; lastKnownFileType = sourcecode.swift; path = TextTestViewController.swift; sourceTree = "<group>"; };
		CEF4DED32BDCFC15002DB4E9 /* TextTest.storyboard */ = {isa = PBXFileReference; lastKnownFileType = file.storyboard; path = TextTest.storyboard; sourceTree = "<group>"; };
		CEF4DED62BDCFD12002DB4E9 /* TextTestTableViewCell.swift */ = {isa = PBXFileReference; lastKnownFileType = sourcecode.swift; path = TextTestTableViewCell.swift; sourceTree = "<group>"; };
		CEF4DED72BDCFD12002DB4E9 /* TextTestTableViewCell.xib */ = {isa = PBXFileReference; lastKnownFileType = file.xib; path = TextTestTableViewCell.xib; sourceTree = "<group>"; };
		CEF4DEDA2BDCFEF1002DB4E9 /* Reusable.swift */ = {isa = PBXFileReference; lastKnownFileType = sourcecode.swift; path = Reusable.swift; sourceTree = "<group>"; };
		CEF4DEDC2BDCFF3B002DB4E9 /* UITableView+.swift */ = {isa = PBXFileReference; lastKnownFileType = sourcecode.swift; path = "UITableView+.swift"; sourceTree = "<group>"; };
		CEF4DEDF2BDD3EB0002DB4E9 /* ColorTestViewController.swift */ = {isa = PBXFileReference; lastKnownFileType = sourcecode.swift; path = ColorTestViewController.swift; sourceTree = "<group>"; };
		CEF4DEE12BDD3EBC002DB4E9 /* ColorTest.storyboard */ = {isa = PBXFileReference; lastKnownFileType = file.storyboard; path = ColorTest.storyboard; sourceTree = "<group>"; };
		CEF4DEE32BDD45B6002DB4E9 /* UIColor+.swift */ = {isa = PBXFileReference; lastKnownFileType = sourcecode.swift; path = "UIColor+.swift"; sourceTree = "<group>"; };
		CEF4DEE52BDD50DB002DB4E9 /* UIButton+.swift */ = {isa = PBXFileReference; lastKnownFileType = sourcecode.swift; path = "UIButton+.swift"; sourceTree = "<group>"; };
		CEF4DEE72BDD5305002DB4E9 /* ColorTestModel.swift */ = {isa = PBXFileReference; lastKnownFileType = sourcecode.swift; path = ColorTestModel.swift; sourceTree = "<group>"; };
		CEF4DEEA2BDD545E002DB4E9 /* ColorViewController.swift */ = {isa = PBXFileReference; lastKnownFileType = sourcecode.swift; path = ColorViewController.swift; sourceTree = "<group>"; };
		CEF4DEEC2BDD5466002DB4E9 /* Color.storyboard */ = {isa = PBXFileReference; lastKnownFileType = file.storyboard; path = Color.storyboard; sourceTree = "<group>"; };
		CEF4DEEF2BDD571F002DB4E9 /* MSTestViewController.swift */ = {isa = PBXFileReference; lastKnownFileType = sourcecode.swift; path = MSTestViewController.swift; sourceTree = "<group>"; };
		CEF4DEF12BDD5725002DB4E9 /* MSTest.storyboard */ = {isa = PBXFileReference; lastKnownFileType = file.storyboard; path = MSTest.storyboard; sourceTree = "<group>"; };
/* End PBXFileReference section */

/* Begin PBXFrameworksBuildPhase section */
		CEC9AF792BDBE97600BE4056 /* Frameworks */ = {
			isa = PBXFrameworksBuildPhase;
			buildActionMask = 2147483647;
			files = (
				CEC9AFAA2BDC034C00BE4056 /* Device in Frameworks */,
			);
			runOnlyForDeploymentPostprocessing = 0;
		};
/* End PBXFrameworksBuildPhase section */

/* Begin PBXGroup section */
		49E12BA72BDCA332004A5A52 /* Helper */ = {
			isa = PBXGroup;
			children = (
				49E12BAA2BDCA4CB004A5A52 /* Fraction.swift */,
				CEF4DEDA2BDCFEF1002DB4E9 /* Reusable.swift */,
			);
			path = Helper;
			sourceTree = "<group>";
		};
		CEC9AF732BDBE97600BE4056 = {
			isa = PBXGroup;
			children = (
				CEC9AF7E2BDBE97600BE4056 /* Galley */,
				CEC9AF7D2BDBE97600BE4056 /* Products */,
			);
			sourceTree = "<group>";
		};
		CEC9AF7D2BDBE97600BE4056 /* Products */ = {
			isa = PBXGroup;
			children = (
				CEC9AF7C2BDBE97600BE4056 /* Galley.app */,
			);
			name = Products;
			sourceTree = "<group>";
		};
		CEC9AF7E2BDBE97600BE4056 /* Galley */ = {
			isa = PBXGroup;
			children = (
				49E12BA72BDCA332004A5A52 /* Helper */,
				CEC9AF992BDBF2A400BE4056 /* Common */,
				CEC9AF952BDBEEC000BE4056 /* Extension */,
				CEC9AF8D2BDBE97700BE4056 /* Info.plist */,
				CEC9AF7F2BDBE97600BE4056 /* AppDelegate.swift */,
				CEC9AF882BDBE97700BE4056 /* Assets.xcassets */,
				CEC9AF8A2BDBE97700BE4056 /* LaunchScreen.storyboard */,
				CEC9AF932BDBEB2800BE4056 /* Scenes */,
			);
			path = Galley;
			sourceTree = "<group>";
		};
		CEC9AF932BDBEB2800BE4056 /* Scenes */ = {
			isa = PBXGroup;
			children = (
				CEF4DEEE2BDD5710002DB4E9 /* MSTest */,
				CEF4DEE92BDD5451002DB4E9 /* Color */,
				CEF4DEDE2BDD3E90002DB4E9 /* ColorTest */,
				CEF4DED02BDCFBFD002DB4E9 /* TextTest */,
				CEF4DECB2BDC8AE8002DB4E9 /* Introduction */,
				CEC9AF942BDBEB3400BE4056 /* Main */,
			);
			path = Scenes;
			sourceTree = "<group>";
		};
		CEC9AF942BDBEB3400BE4056 /* Main */ = {
			isa = PBXGroup;
			children = (
				CEC9AF832BDBE97600BE4056 /* MainViewController.swift */,
				CEC9AF852BDBE97600BE4056 /* Main.storyboard */,
			);
			path = Main;
			sourceTree = "<group>";
		};
		CEC9AF952BDBEEC000BE4056 /* Extension */ = {
			isa = PBXGroup;
			children = (
				CEC9AF962BDBEED500BE4056 /* UIView+.swift */,
				CEF4DEDC2BDCFF3B002DB4E9 /* UITableView+.swift */,
				CEF4DEE32BDD45B6002DB4E9 /* UIColor+.swift */,
				CEF4DEE52BDD50DB002DB4E9 /* UIButton+.swift */,
			);
			path = Extension;
			sourceTree = "<group>";
		};
		CEC9AF982BDBF29D00BE4056 /* Fonts */ = {
			isa = PBXGroup;
			children = (
				CEC9AF9F2BDBF31300BE4056 /* Inter-Bold.ttf */,
				CEC9AF9B2BDBF31300BE4056 /* Inter-Light.ttf */,
				CEC9AF9D2BDBF31300BE4056 /* Inter-Medium.ttf */,
				CEC9AF9A2BDBF31300BE4056 /* Inter-MediumItalic.ttf */,
				CEC9AF9C2BDBF31300BE4056 /* Inter-Regular.ttf */,
				CEC9AF9E2BDBF31300BE4056 /* Inter-SemiBold.ttf */,
			);
			path = Fonts;
			sourceTree = "<group>";
		};
		CEC9AF992BDBF2A400BE4056 /* Common */ = {
			isa = PBXGroup;
			children = (
				CEC9AF982BDBF29D00BE4056 /* Fonts */,
			);
			path = Common;
			sourceTree = "<group>";
		};
		CEF4DECB2BDC8AE8002DB4E9 /* Introduction */ = {
			isa = PBXGroup;
			children = (
				CEF4DECC2BDC8B08002DB4E9 /* IntroductionViewController.swift */,
				CEF4DECE2BDC8C9B002DB4E9 /* Introduction.storyboard */,
			);
			path = Introduction;
			sourceTree = "<group>";
		};
		CEF4DED02BDCFBFD002DB4E9 /* TextTest */ = {
			isa = PBXGroup;
			children = (
				CEF4DED52BDCFCFC002DB4E9 /* Cell */,
				CEF4DED12BDCFC0D002DB4E9 /* TextTestViewController.swift */,
				CEF4DED32BDCFC15002DB4E9 /* TextTest.storyboard */,
			);
			path = TextTest;
			sourceTree = "<group>";
		};
		CEF4DED52BDCFCFC002DB4E9 /* Cell */ = {
			isa = PBXGroup;
			children = (
				CEF4DED62BDCFD12002DB4E9 /* TextTestTableViewCell.swift */,
				CEF4DED72BDCFD12002DB4E9 /* TextTestTableViewCell.xib */,
			);
			path = Cell;
			sourceTree = "<group>";
		};
		CEF4DEDE2BDD3E90002DB4E9 /* ColorTest */ = {
			isa = PBXGroup;
			children = (
				CEF4DEE72BDD5305002DB4E9 /* ColorTestModel.swift */,
				CEF4DEDF2BDD3EB0002DB4E9 /* ColorTestViewController.swift */,
				CEF4DEE12BDD3EBC002DB4E9 /* ColorTest.storyboard */,
			);
			path = ColorTest;
			sourceTree = "<group>";
		};
		CEF4DEE92BDD5451002DB4E9 /* Color */ = {
			isa = PBXGroup;
			children = (
				CEF4DEEA2BDD545E002DB4E9 /* ColorViewController.swift */,
				CEF4DEEC2BDD5466002DB4E9 /* Color.storyboard */,
			);
			path = Color;
			sourceTree = "<group>";
		};
		CEF4DEEE2BDD5710002DB4E9 /* MSTest */ = {
			isa = PBXGroup;
			children = (
				CEF4DEEF2BDD571F002DB4E9 /* MSTestViewController.swift */,
				CEF4DEF12BDD5725002DB4E9 /* MSTest.storyboard */,
			);
			path = MSTest;
			sourceTree = "<group>";
		};
/* End PBXGroup section */

/* Begin PBXNativeTarget section */
		CEC9AF7B2BDBE97600BE4056 /* Galley */ = {
			isa = PBXNativeTarget;
			buildConfigurationList = CEC9AF902BDBE97700BE4056 /* Build configuration list for PBXNativeTarget "Galley" */;
			buildPhases = (
				CEC9AF782BDBE97600BE4056 /* Sources */,
				CEC9AF792BDBE97600BE4056 /* Frameworks */,
				CEC9AF7A2BDBE97600BE4056 /* Resources */,
			);
			buildRules = (
			);
			dependencies = (
			);
			name = Galley;
			packageProductDependencies = (
				CEC9AFA92BDC034C00BE4056 /* Device */,
			);
			productName = Galley;
			productReference = CEC9AF7C2BDBE97600BE4056 /* Galley.app */;
			productType = "com.apple.product-type.application";
		};
/* End PBXNativeTarget section */

/* Begin PBXProject section */
		CEC9AF742BDBE97600BE4056 /* Project object */ = {
			isa = PBXProject;
			attributes = {
				BuildIndependentTargetsInParallel = 1;
				LastSwiftUpdateCheck = 1510;
				LastUpgradeCheck = 1510;
				TargetAttributes = {
					CEC9AF7B2BDBE97600BE4056 = {
						CreatedOnToolsVersion = 15.1;
					};
				};
			};
			buildConfigurationList = CEC9AF772BDBE97600BE4056 /* Build configuration list for PBXProject "Galley" */;
			compatibilityVersion = "Xcode 14.0";
			developmentRegion = en;
			hasScannedForEncodings = 0;
			knownRegions = (
				en,
				Base,
			);
			mainGroup = CEC9AF732BDBE97600BE4056;
			packageReferences = (
				CEC9AFA82BDC034B00BE4056 /* XCRemoteSwiftPackageReference "Device" */,
			);
			productRefGroup = CEC9AF7D2BDBE97600BE4056 /* Products */;
			projectDirPath = "";
			projectRoot = "";
			targets = (
				CEC9AF7B2BDBE97600BE4056 /* Galley */,
			);
		};
/* End PBXProject section */

/* Begin PBXResourcesBuildPhase section */
		CEC9AF7A2BDBE97600BE4056 /* Resources */ = {
			isa = PBXResourcesBuildPhase;
			buildActionMask = 2147483647;
			files = (
				CEF4DECF2BDC8C9B002DB4E9 /* Introduction.storyboard in Resources */,
				CEF4DEE22BDD3EBC002DB4E9 /* ColorTest.storyboard in Resources */,
				CEF4DEED2BDD5466002DB4E9 /* Color.storyboard in Resources */,
				CEC9AFA12BDBF31300BE4056 /* Inter-Light.ttf in Resources */,
				CEF4DED92BDCFD12002DB4E9 /* TextTestTableViewCell.xib in Resources */,
				CEC9AFA02BDBF31300BE4056 /* Inter-MediumItalic.ttf in Resources */,
				CEC9AF8C2BDBE97700BE4056 /* LaunchScreen.storyboard in Resources */,
				CEF4DED42BDCFC15002DB4E9 /* TextTest.storyboard in Resources */,
				CEF4DEF22BDD5725002DB4E9 /* MSTest.storyboard in Resources */,
				CEC9AFA52BDBF31300BE4056 /* Inter-Bold.ttf in Resources */,
				CEC9AF892BDBE97700BE4056 /* Assets.xcassets in Resources */,
				CEC9AFA42BDBF31300BE4056 /* Inter-SemiBold.ttf in Resources */,
				CEC9AFA32BDBF31300BE4056 /* Inter-Medium.ttf in Resources */,
				CEC9AFA22BDBF31300BE4056 /* Inter-Regular.ttf in Resources */,
				CEC9AF872BDBE97600BE4056 /* Main.storyboard in Resources */,
			);
			runOnlyForDeploymentPostprocessing = 0;
		};
/* End PBXResourcesBuildPhase section */

/* Begin PBXSourcesBuildPhase section */
		CEC9AF782BDBE97600BE4056 /* Sources */ = {
			isa = PBXSourcesBuildPhase;
			buildActionMask = 2147483647;
			files = (
				CEF4DECD2BDC8B08002DB4E9 /* IntroductionViewController.swift in Sources */,
				CEF4DED22BDCFC0D002DB4E9 /* TextTestViewController.swift in Sources */,
				CEC9AF972BDBEED500BE4056 /* UIView+.swift in Sources */,
				CEF4DEDD2BDCFF3B002DB4E9 /* UITableView+.swift in Sources */,
				CEF4DEEB2BDD545E002DB4E9 /* ColorViewController.swift in Sources */,
				CEF4DEE42BDD45B6002DB4E9 /* UIColor+.swift in Sources */,
				CEF4DEE02BDD3EB0002DB4E9 /* ColorTestViewController.swift in Sources */,
				CEC9AF842BDBE97600BE4056 /* MainViewController.swift in Sources */,
				CEF4DEE62BDD50DB002DB4E9 /* UIButton+.swift in Sources */,
				CEF4DEDB2BDCFEF1002DB4E9 /* Reusable.swift in Sources */,
				CEF4DEF02BDD571F002DB4E9 /* MSTestViewController.swift in Sources */,
				CEF4DEE82BDD5305002DB4E9 /* ColorTestModel.swift in Sources */,
				CEC9AF802BDBE97600BE4056 /* AppDelegate.swift in Sources */,
				CEF4DED82BDCFD12002DB4E9 /* TextTestTableViewCell.swift in Sources */,
				49E12BAB2BDCA4CB004A5A52 /* Fraction.swift in Sources */,
			);
			runOnlyForDeploymentPostprocessing = 0;
		};
/* End PBXSourcesBuildPhase section */

/* Begin PBXVariantGroup section */
		CEC9AF852BDBE97600BE4056 /* Main.storyboard */ = {
			isa = PBXVariantGroup;
			children = (
				CEC9AF862BDBE97600BE4056 /* Base */,
			);
			name = Main.storyboard;
			sourceTree = "<group>";
		};
		CEC9AF8A2BDBE97700BE4056 /* LaunchScreen.storyboard */ = {
			isa = PBXVariantGroup;
			children = (
				CEC9AF8B2BDBE97700BE4056 /* Base */,
			);
			name = LaunchScreen.storyboard;
			sourceTree = "<group>";
		};
/* End PBXVariantGroup section */

/* Begin XCBuildConfiguration section */
		CEC9AF8E2BDBE97700BE4056 /* Debug */ = {
			isa = XCBuildConfiguration;
			buildSettings = {
				ALWAYS_SEARCH_USER_PATHS = NO;
				ASSETCATALOG_COMPILER_GENERATE_SWIFT_ASSET_SYMBOL_EXTENSIONS = YES;
				CLANG_ANALYZER_NONNULL = YES;
				CLANG_ANALYZER_NUMBER_OBJECT_CONVERSION = YES_AGGRESSIVE;
				CLANG_CXX_LANGUAGE_STANDARD = "gnu++20";
				CLANG_ENABLE_MODULES = YES;
				CLANG_ENABLE_OBJC_ARC = YES;
				CLANG_ENABLE_OBJC_WEAK = YES;
				CLANG_WARN_BLOCK_CAPTURE_AUTORELEASING = YES;
				CLANG_WARN_BOOL_CONVERSION = YES;
				CLANG_WARN_COMMA = YES;
				CLANG_WARN_CONSTANT_CONVERSION = YES;
				CLANG_WARN_DEPRECATED_OBJC_IMPLEMENTATIONS = YES;
				CLANG_WARN_DIRECT_OBJC_ISA_USAGE = YES_ERROR;
				CLANG_WARN_DOCUMENTATION_COMMENTS = YES;
				CLANG_WARN_EMPTY_BODY = YES;
				CLANG_WARN_ENUM_CONVERSION = YES;
				CLANG_WARN_INFINITE_RECURSION = YES;
				CLANG_WARN_INT_CONVERSION = YES;
				CLANG_WARN_NON_LITERAL_NULL_CONVERSION = YES;
				CLANG_WARN_OBJC_IMPLICIT_RETAIN_SELF = YES;
				CLANG_WARN_OBJC_LITERAL_CONVERSION = YES;
				CLANG_WARN_OBJC_ROOT_CLASS = YES_ERROR;
				CLANG_WARN_QUOTED_INCLUDE_IN_FRAMEWORK_HEADER = YES;
				CLANG_WARN_RANGE_LOOP_ANALYSIS = YES;
				CLANG_WARN_STRICT_PROTOTYPES = YES;
				CLANG_WARN_SUSPICIOUS_MOVE = YES;
				CLANG_WARN_UNGUARDED_AVAILABILITY = YES_AGGRESSIVE;
				CLANG_WARN_UNREACHABLE_CODE = YES;
				CLANG_WARN__DUPLICATE_METHOD_MATCH = YES;
				COPY_PHASE_STRIP = NO;
				DEBUG_INFORMATION_FORMAT = dwarf;
				ENABLE_STRICT_OBJC_MSGSEND = YES;
				ENABLE_TESTABILITY = YES;
				ENABLE_USER_SCRIPT_SANDBOXING = YES;
				GCC_C_LANGUAGE_STANDARD = gnu17;
				GCC_DYNAMIC_NO_PIC = NO;
				GCC_NO_COMMON_BLOCKS = YES;
				GCC_OPTIMIZATION_LEVEL = 0;
				GCC_PREPROCESSOR_DEFINITIONS = (
					"DEBUG=1",
					"$(inherited)",
				);
				GCC_WARN_64_TO_32_BIT_CONVERSION = YES;
				GCC_WARN_ABOUT_RETURN_TYPE = YES_ERROR;
				GCC_WARN_UNDECLARED_SELECTOR = YES;
				GCC_WARN_UNINITIALIZED_AUTOS = YES_AGGRESSIVE;
				GCC_WARN_UNUSED_FUNCTION = YES;
				GCC_WARN_UNUSED_VARIABLE = YES;
				IPHONEOS_DEPLOYMENT_TARGET = 17.2;
				LOCALIZATION_PREFERS_STRING_CATALOGS = YES;
				MTL_ENABLE_DEBUG_INFO = INCLUDE_SOURCE;
				MTL_FAST_MATH = YES;
				ONLY_ACTIVE_ARCH = YES;
				SDKROOT = iphoneos;
				SWIFT_ACTIVE_COMPILATION_CONDITIONS = "DEBUG $(inherited)";
				SWIFT_OPTIMIZATION_LEVEL = "-Onone";
			};
			name = Debug;
		};
		CEC9AF8F2BDBE97700BE4056 /* Release */ = {
			isa = XCBuildConfiguration;
			buildSettings = {
				ALWAYS_SEARCH_USER_PATHS = NO;
				ASSETCATALOG_COMPILER_GENERATE_SWIFT_ASSET_SYMBOL_EXTENSIONS = YES;
				CLANG_ANALYZER_NONNULL = YES;
				CLANG_ANALYZER_NUMBER_OBJECT_CONVERSION = YES_AGGRESSIVE;
				CLANG_CXX_LANGUAGE_STANDARD = "gnu++20";
				CLANG_ENABLE_MODULES = YES;
				CLANG_ENABLE_OBJC_ARC = YES;
				CLANG_ENABLE_OBJC_WEAK = YES;
				CLANG_WARN_BLOCK_CAPTURE_AUTORELEASING = YES;
				CLANG_WARN_BOOL_CONVERSION = YES;
				CLANG_WARN_COMMA = YES;
				CLANG_WARN_CONSTANT_CONVERSION = YES;
				CLANG_WARN_DEPRECATED_OBJC_IMPLEMENTATIONS = YES;
				CLANG_WARN_DIRECT_OBJC_ISA_USAGE = YES_ERROR;
				CLANG_WARN_DOCUMENTATION_COMMENTS = YES;
				CLANG_WARN_EMPTY_BODY = YES;
				CLANG_WARN_ENUM_CONVERSION = YES;
				CLANG_WARN_INFINITE_RECURSION = YES;
				CLANG_WARN_INT_CONVERSION = YES;
				CLANG_WARN_NON_LITERAL_NULL_CONVERSION = YES;
				CLANG_WARN_OBJC_IMPLICIT_RETAIN_SELF = YES;
				CLANG_WARN_OBJC_LITERAL_CONVERSION = YES;
				CLANG_WARN_OBJC_ROOT_CLASS = YES_ERROR;
				CLANG_WARN_QUOTED_INCLUDE_IN_FRAMEWORK_HEADER = YES;
				CLANG_WARN_RANGE_LOOP_ANALYSIS = YES;
				CLANG_WARN_STRICT_PROTOTYPES = YES;
				CLANG_WARN_SUSPICIOUS_MOVE = YES;
				CLANG_WARN_UNGUARDED_AVAILABILITY = YES_AGGRESSIVE;
				CLANG_WARN_UNREACHABLE_CODE = YES;
				CLANG_WARN__DUPLICATE_METHOD_MATCH = YES;
				COPY_PHASE_STRIP = NO;
				DEBUG_INFORMATION_FORMAT = "dwarf-with-dsym";
				ENABLE_NS_ASSERTIONS = NO;
				ENABLE_STRICT_OBJC_MSGSEND = YES;
				ENABLE_USER_SCRIPT_SANDBOXING = YES;
				GCC_C_LANGUAGE_STANDARD = gnu17;
				GCC_NO_COMMON_BLOCKS = YES;
				GCC_WARN_64_TO_32_BIT_CONVERSION = YES;
				GCC_WARN_ABOUT_RETURN_TYPE = YES_ERROR;
				GCC_WARN_UNDECLARED_SELECTOR = YES;
				GCC_WARN_UNINITIALIZED_AUTOS = YES_AGGRESSIVE;
				GCC_WARN_UNUSED_FUNCTION = YES;
				GCC_WARN_UNUSED_VARIABLE = YES;
				IPHONEOS_DEPLOYMENT_TARGET = 17.2;
				LOCALIZATION_PREFERS_STRING_CATALOGS = YES;
				MTL_ENABLE_DEBUG_INFO = NO;
				MTL_FAST_MATH = YES;
				SDKROOT = iphoneos;
				SWIFT_COMPILATION_MODE = wholemodule;
				VALIDATE_PRODUCT = YES;
			};
			name = Release;
		};
		CEC9AF912BDBE97700BE4056 /* Debug */ = {
			isa = XCBuildConfiguration;
			buildSettings = {
				ASSETCATALOG_COMPILER_APPICON_NAME = AppIcon;
				ASSETCATALOG_COMPILER_GLOBAL_ACCENT_COLOR_NAME = AccentColor;
				CODE_SIGN_STYLE = Automatic;
				CURRENT_PROJECT_VERSION = 1;
				DEVELOPMENT_TEAM = 42BJ859V33;
				GENERATE_INFOPLIST_FILE = YES;
				INFOPLIST_FILE = Galley/Info.plist;
				INFOPLIST_KEY_UIApplicationSupportsIndirectInputEvents = YES;
				INFOPLIST_KEY_UILaunchStoryboardName = LaunchScreen;
				INFOPLIST_KEY_UIMainStoryboardFile = Main;
				INFOPLIST_KEY_UISupportedInterfaceOrientations_iPad = "UIInterfaceOrientationPortrait UIInterfaceOrientationPortraitUpsideDown UIInterfaceOrientationLandscapeLeft UIInterfaceOrientationLandscapeRight";
				INFOPLIST_KEY_UISupportedInterfaceOrientations_iPhone = "UIInterfaceOrientationPortrait UIInterfaceOrientationLandscapeLeft UIInterfaceOrientationLandscapeRight";
				IPHONEOS_DEPLOYMENT_TARGET = 13.0;
				LD_RUNPATH_SEARCH_PATHS = (
					"$(inherited)",
					"@executable_path/Frameworks",
				);
				MARKETING_VERSION = 1.0;
				PRODUCT_BUNDLE_IDENTIFIER = com.namtn.Galley;
				PRODUCT_NAME = "$(TARGET_NAME)";
				SWIFT_EMIT_LOC_STRINGS = YES;
				SWIFT_VERSION = 5.0;
				TARGETED_DEVICE_FAMILY = "1,2";
			};
			name = Debug;
		};
		CEC9AF922BDBE97700BE4056 /* Release */ = {
			isa = XCBuildConfiguration;
			buildSettings = {
				ASSETCATALOG_COMPILER_APPICON_NAME = AppIcon;
				ASSETCATALOG_COMPILER_GLOBAL_ACCENT_COLOR_NAME = AccentColor;
				CODE_SIGN_STYLE = Automatic;
				CURRENT_PROJECT_VERSION = 1;
				DEVELOPMENT_TEAM = 42BJ859V33;
				GENERATE_INFOPLIST_FILE = YES;
				INFOPLIST_FILE = Galley/Info.plist;
				INFOPLIST_KEY_UIApplicationSupportsIndirectInputEvents = YES;
				INFOPLIST_KEY_UILaunchStoryboardName = LaunchScreen;
				INFOPLIST_KEY_UIMainStoryboardFile = Main;
				INFOPLIST_KEY_UISupportedInterfaceOrientations_iPad = "UIInterfaceOrientationPortrait UIInterfaceOrientationPortraitUpsideDown UIInterfaceOrientationLandscapeLeft UIInterfaceOrientationLandscapeRight";
				INFOPLIST_KEY_UISupportedInterfaceOrientations_iPhone = "UIInterfaceOrientationPortrait UIInterfaceOrientationLandscapeLeft UIInterfaceOrientationLandscapeRight";
				IPHONEOS_DEPLOYMENT_TARGET = 13.0;
				LD_RUNPATH_SEARCH_PATHS = (
					"$(inherited)",
					"@executable_path/Frameworks",
				);
				MARKETING_VERSION = 1.0;
				PRODUCT_BUNDLE_IDENTIFIER = com.namtn.Galley;
				PRODUCT_NAME = "$(TARGET_NAME)";
				SWIFT_EMIT_LOC_STRINGS = YES;
				SWIFT_VERSION = 5.0;
				TARGETED_DEVICE_FAMILY = "1,2";
			};
			name = Release;
		};
/* End XCBuildConfiguration section */

/* Begin XCConfigurationList section */
		CEC9AF772BDBE97600BE4056 /* Build configuration list for PBXProject "Galley" */ = {
			isa = XCConfigurationList;
			buildConfigurations = (
				CEC9AF8E2BDBE97700BE4056 /* Debug */,
				CEC9AF8F2BDBE97700BE4056 /* Release */,
			);
			defaultConfigurationIsVisible = 0;
			defaultConfigurationName = Release;
		};
		CEC9AF902BDBE97700BE4056 /* Build configuration list for PBXNativeTarget "Galley" */ = {
			isa = XCConfigurationList;
			buildConfigurations = (
				CEC9AF912BDBE97700BE4056 /* Debug */,
				CEC9AF922BDBE97700BE4056 /* Release */,
			);
			defaultConfigurationIsVisible = 0;
			defaultConfigurationName = Release;
		};
/* End XCConfigurationList section */

/* Begin XCRemoteSwiftPackageReference section */
		CEC9AFA82BDC034B00BE4056 /* XCRemoteSwiftPackageReference "Device" */ = {
			isa = XCRemoteSwiftPackageReference;
			repositoryURL = "https://github.com/Ekhoo/Device.git";
			requirement = {
				kind = upToNextMajorVersion;
				minimumVersion = 3.6.0;
			};
		};
/* End XCRemoteSwiftPackageReference section */

/* Begin XCSwiftPackageProductDependency section */
		CEC9AFA92BDC034C00BE4056 /* Device */ = {
			isa = XCSwiftPackageProductDependency;
			package = CEC9AFA82BDC034B00BE4056 /* XCRemoteSwiftPackageReference "Device" */;
			productName = Device;
		};
/* End XCSwiftPackageProductDependency section */
	};
	rootObject = CEC9AF742BDBE97600BE4056 /* Project object */;
}
